
Microsoft Visual Studio Solution File, Format Version 12.00
# Visual Studio Version 17
VisualStudioVersion = 17.14.36518.9 d17.14
MinimumVisualStudioVersion = 10.0.40219.1
Project("{FAE04EC0-301F-11D3-BF4B-00C04F79EFBC}") = "Budalacean_Ciprian_Lab2", "Budalacean_Ciprian_Lab2.csproj", "{8B3391EB-776A-4271-8936-4146AFC0E9C3}"
EndProject
Global
	GlobalSection(SolutionConfigurationPlatforms) = preSolution
		Debug|Any CPU = Debug|Any CPU
		Release|Any CPU = Release|Any CPU
	EndGlobalSection
	GlobalSection(ProjectConfigurationPlatforms) = postSolution
		{8B3391EB-776A-4271-8936-4146AFC0E9C3}.Debug|Any CPU.ActiveCfg = Debug|Any CPU
		{8B3391EB-776A-4271-8936-4146AFC0E9C3}.Debug|Any CPU.Build.0 = Debug|Any CPU
		{8B3391EB-776A-4271-8936-4146AFC0E9C3}.Release|Any CPU.ActiveCfg = Release|Any CPU
		{8B3391EB-776A-4271-8936-4146AFC0E9C3}.Release|Any CPU.Build.0 = Release|Any CPU
	EndGlobalSection
	GlobalSection(SolutionProperties) = preSolution
		HideSolutionNode = FALSE
	EndGlobalSection
	GlobalSection(ExtensibilityGlobals) = postSolution
		SolutionGuid = {0BCB108B-3816-4DE7-B5E8-958DC84A8537}
	EndGlobalSection
EndGlobal
